PODS:
  - Alamofire (4.0.1)
  - Kingfisher (3.2.0)
  - SwiftyJSON (3.0.0)

DEPENDENCIES:
  - Alamofire
  - Kingfisher
  - SwiftyJSON (from `https://github.com/appsailor/SwiftyJSON`, branch `swift3`)

EXTERNAL SOURCES:
  SwiftyJSON:
    :branch: swift3
    :git: https://github.com/appsailor/SwiftyJSON

CHECKOUT OPTIONS:
  SwiftyJSON:
    :commit: de73429b38b8994f614fb27c5ec094bb8a4833f2
    :git: https://github.com/appsailor/SwiftyJSON

SPEC CHECKSUMS:
  Alamofire: 7682d43245de14874acd142ec137b144aa1dd335
  Kingfisher: 50407d1d5dbc34965009d425a286342ff36a84ea
  SwiftyJSON: f57b2b44bc166617372d1c70773591fe9f0f5fd4

PODFILE CHECKSUM: d7d64a15a0a4a7b1891487b4161f882884c31ead

COCOAPODS: 1.1.0.rc.2
